{
  "nodes": {
    "nixpkgs": {
      "locked": {
        "lastModified": 1676546582,
        "narHash": "sha256-MJ+PXNmUyxnMTFoss7G2lEcUY2cfYZM6RudBAL5aX1k=",
        "owner": "NixOS",
        "repo": "nixpkgs",
        "rev": "2fb7d749c084890192b2cd08ba264e5e4a14df1b",
        "type": "github"
      },
      "original": {
        "owner": "NixOS",
        "ref": "nixos-22.11",
        "repo": "nixpkgs",
        "type": "github"
      }
    },
    "root": {
      "inputs": {
        "nixpkgs": "nixpkgs"
      }
    }
  },
  "root": "root",
  "version": 7
}
